
Microsoft Visual Studio Solution File, Format Version 12.00
# Visual Studio 14
VisualStudioVersion = 14.0.25420.1
MinimumVisualStudioVersion = 10.0.40219.1
Project("{FAE04EC0-301F-11D3-BF4B-00C04F79EFBC}") = "WxApi", "WxApi\WxApi.csproj", "{CCB8DAA7-E728-4C10-9FA9-AA7C15080940}"
EndProject
Project("{FAE04EC0-301F-11D3-BF4B-00C04F79EFBC}") = "Application", "Application\Application.csproj", "{1475BD08-167C-43D1-BA87-8CC1A6CF4A7D}"
EndProject
Project("{FAE04EC0-301F-11D3-BF4B-00C04F79EFBC}") = "Common", "Common\Common.csproj", "{622BC308-2450-4002-BD48-9EAE0AE8D33E}"
EndProject
Global
	GlobalSection(SolutionConfigurationPlatforms) = preSolution
		Debug|Any CPU = Debug|Any CPU
		Release|Any CPU = Release|Any CPU
	EndGlobalSection
	GlobalSection(ProjectConfigurationPlatforms) = postSolution
		{CCB8DAA7-E728-4C10-9FA9-AA7C15080940}.Debug|Any CPU.ActiveCfg = Debug|Any CPU
		{CCB8DAA7-E728-4C10-9FA9-AA7C15080940}.Debug|Any CPU.Build.0 = Debug|Any CPU
		{CCB8DAA7-E728-4C10-9FA9-AA7C15080940}.Release|Any CPU.ActiveCfg = Release|Any CPU
		{CCB8DAA7-E728-4C10-9FA9-AA7C15080940}.Release|Any CPU.Build.0 = Release|Any CPU
		{1475BD08-167C-43D1-BA87-8CC1A6CF4A7D}.Debug|Any CPU.ActiveCfg = Debug|Any CPU
		{1475BD08-167C-43D1-BA87-8CC1A6CF4A7D}.Debug|Any CPU.Build.0 = Debug|Any CPU
		{1475BD08-167C-43D1-BA87-8CC1A6CF4A7D}.Release|Any CPU.ActiveCfg = Release|Any CPU
		{1475BD08-167C-43D1-BA87-8CC1A6CF4A7D}.Release|Any CPU.Build.0 = Release|Any CPU
		{622BC308-2450-4002-BD48-9EAE0AE8D33E}.Debug|Any CPU.ActiveCfg = Debug|Any CPU
		{622BC308-2450-4002-BD48-9EAE0AE8D33E}.Debug|Any CPU.Build.0 = Debug|Any CPU
		{622BC308-2450-4002-BD48-9EAE0AE8D33E}.Release|Any CPU.ActiveCfg = Release|Any CPU
		{622BC308-2450-4002-BD48-9EAE0AE8D33E}.Release|Any CPU.Build.0 = Release|Any CPU
	EndGlobalSection
	GlobalSection(SolutionProperties) = preSolution
		HideSolutionNode = FALSE
	EndGlobalSection
EndGlobal
